
Microsoft Visual Studio Solution File, Format Version 12.00
# Visual Studio Version 17
VisualStudioVersion = 17.0.31903.59
MinimumVisualStudioVersion = 10.0.40219.1
Project("{2150E333-8FDC-42A3-9474-1A3956D46DE8}") = "chat-server", "chat-server", "{65020569-870B-46A4-9193-948008659230}"
EndProject
Project("{2150E333-8FDC-42A3-9474-1A3956D46DE8}") = "auth-server", "auth-server", "{385E04E2-697D-4CE9-99FE-D01515800F4B}"
EndProject
Project("{2150E333-8FDC-42A3-9474-1A3956D46DE8}") = "core", "core", "{BAA7E3DF-5354-42B3-AAD8-3F0C9E7E0189}"
EndProject
Project("{FAE04EC0-301F-11D3-BF4B-00C04F79EFBC}") = "Chatty.Application", "chat-server\source\Chatty.Application\Chatty.Application.csproj", "{9297DB35-B59C-4227-A159-3F6ED461855F}"
EndProject
Project("{FAE04EC0-301F-11D3-BF4B-00C04F79EFBC}") = "Chatty.Domain", "chat-server\source\Chatty.Domain\Chatty.Domain.csproj", "{2408C4C4-285A-415D-A83F-C8FBBFA87867}"
EndProject
Project("{FAE04EC0-301F-11D3-BF4B-00C04F79EFBC}") = "Chatty.Infrastructure", "chat-server\source\Chatty.Infrastructure\Chatty.Infrastructure.csproj", "{87A32D0B-F568-4582-8457-D503DD5F7278}"
EndProject
Project("{FAE04EC0-301F-11D3-BF4B-00C04F79EFBC}") = "Chatty.WebApi", "chat-server\source\Chatty.WebApi\Chatty.WebApi.csproj", "{08183AB8-757E-4434-8D23-02132F9AB8CF}"
EndProject
Project("{FAE04EC0-301F-11D3-BF4B-00C04F79EFBC}") = "Chatty.Contracts", "chat-server\source\Chatty.Contracts\Chatty.Contracts.csproj", "{E317EED0-79B0-470D-A3B1-16CA335BA585}"
EndProject
Project("{2150E333-8FDC-42A3-9474-1A3956D46DE8}") = "tests", "tests", "{8A81F1E5-8D34-4D4A-88FA-BBF385E6BAE4}"
EndProject
Project("{FAE04EC0-301F-11D3-BF4B-00C04F79EFBC}") = "Chatty.Tests.Unit.Domain", "chat-server\tests\Chatty.Tests.Unit.Domain\Chatty.Tests.Unit.Domain.csproj", "{3E52169C-8C04-4317-85E3-C329AB31AFA8}"
EndProject
Project("{FAE04EC0-301F-11D3-BF4B-00C04F79EFBC}") = "Chatty.Tests.Unit.Application", "chat-server\tests\Chatty.Tests.Unit.Application\Chatty.Tests.Unit.Application.csproj", "{25F49B45-D525-4837-8F11-392957FB7711}"
EndProject
Global
	GlobalSection(SolutionConfigurationPlatforms) = preSolution
		Debug|Any CPU = Debug|Any CPU
		Release|Any CPU = Release|Any CPU
	EndGlobalSection
	GlobalSection(SolutionProperties) = preSolution
		HideSolutionNode = FALSE
	EndGlobalSection
	GlobalSection(NestedProjects) = preSolution
		{9297DB35-B59C-4227-A159-3F6ED461855F} = {65020569-870B-46A4-9193-948008659230}
		{2408C4C4-285A-415D-A83F-C8FBBFA87867} = {65020569-870B-46A4-9193-948008659230}
		{87A32D0B-F568-4582-8457-D503DD5F7278} = {65020569-870B-46A4-9193-948008659230}
		{08183AB8-757E-4434-8D23-02132F9AB8CF} = {65020569-870B-46A4-9193-948008659230}
		{E317EED0-79B0-470D-A3B1-16CA335BA585} = {65020569-870B-46A4-9193-948008659230}
		{8A81F1E5-8D34-4D4A-88FA-BBF385E6BAE4} = {65020569-870B-46A4-9193-948008659230}
		{3E52169C-8C04-4317-85E3-C329AB31AFA8} = {8A81F1E5-8D34-4D4A-88FA-BBF385E6BAE4}
		{25F49B45-D525-4837-8F11-392957FB7711} = {8A81F1E5-8D34-4D4A-88FA-BBF385E6BAE4}
	EndGlobalSection
	GlobalSection(ProjectConfigurationPlatforms) = postSolution
		{9297DB35-B59C-4227-A159-3F6ED461855F}.Debug|Any CPU.ActiveCfg = Debug|Any CPU
		{9297DB35-B59C-4227-A159-3F6ED461855F}.Debug|Any CPU.Build.0 = Debug|Any CPU
		{9297DB35-B59C-4227-A159-3F6ED461855F}.Release|Any CPU.ActiveCfg = Release|Any CPU
		{9297DB35-B59C-4227-A159-3F6ED461855F}.Release|Any CPU.Build.0 = Release|Any CPU
		{2408C4C4-285A-415D-A83F-C8FBBFA87867}.Debug|Any CPU.ActiveCfg = Debug|Any CPU
		{2408C4C4-285A-415D-A83F-C8FBBFA87867}.Debug|Any CPU.Build.0 = Debug|Any CPU
		{2408C4C4-285A-415D-A83F-C8FBBFA87867}.Release|Any CPU.ActiveCfg = Release|Any CPU
		{2408C4C4-285A-415D-A83F-C8FBBFA87867}.Release|Any CPU.Build.0 = Release|Any CPU
		{87A32D0B-F568-4582-8457-D503DD5F7278}.Debug|Any CPU.ActiveCfg = Debug|Any CPU
		{87A32D0B-F568-4582-8457-D503DD5F7278}.Debug|Any CPU.Build.0 = Debug|Any CPU
		{87A32D0B-F568-4582-8457-D503DD5F7278}.Release|Any CPU.ActiveCfg = Release|Any CPU
		{87A32D0B-F568-4582-8457-D503DD5F7278}.Release|Any CPU.Build.0 = Release|Any CPU
		{08183AB8-757E-4434-8D23-02132F9AB8CF}.Debug|Any CPU.ActiveCfg = Debug|Any CPU
		{08183AB8-757E-4434-8D23-02132F9AB8CF}.Debug|Any CPU.Build.0 = Debug|Any CPU
		{08183AB8-757E-4434-8D23-02132F9AB8CF}.Release|Any CPU.ActiveCfg = Release|Any CPU
		{08183AB8-757E-4434-8D23-02132F9AB8CF}.Release|Any CPU.Build.0 = Release|Any CPU
		{E317EED0-79B0-470D-A3B1-16CA335BA585}.Debug|Any CPU.ActiveCfg = Debug|Any CPU
		{E317EED0-79B0-470D-A3B1-16CA335BA585}.Debug|Any CPU.Build.0 = Debug|Any CPU
		{E317EED0-79B0-470D-A3B1-16CA335BA585}.Release|Any CPU.ActiveCfg = Release|Any CPU
		{E317EED0-79B0-470D-A3B1-16CA335BA585}.Release|Any CPU.Build.0 = Release|Any CPU
		{3E52169C-8C04-4317-85E3-C329AB31AFA8}.Debug|Any CPU.ActiveCfg = Debug|Any CPU
		{3E52169C-8C04-4317-85E3-C329AB31AFA8}.Debug|Any CPU.Build.0 = Debug|Any CPU
		{3E52169C-8C04-4317-85E3-C329AB31AFA8}.Release|Any CPU.ActiveCfg = Release|Any CPU
		{3E52169C-8C04-4317-85E3-C329AB31AFA8}.Release|Any CPU.Build.0 = Release|Any CPU
		{25F49B45-D525-4837-8F11-392957FB7711}.Debug|Any CPU.ActiveCfg = Debug|Any CPU
		{25F49B45-D525-4837-8F11-392957FB7711}.Debug|Any CPU.Build.0 = Debug|Any CPU
		{25F49B45-D525-4837-8F11-392957FB7711}.Release|Any CPU.ActiveCfg = Release|Any CPU
		{25F49B45-D525-4837-8F11-392957FB7711}.Release|Any CPU.Build.0 = Release|Any CPU
	EndGlobalSection
EndGlobal
