
Microsoft Visual Studio Solution File, Format Version 12.00
# Visual Studio Version 17
VisualStudioVersion = 17.0.31903.59
MinimumVisualStudioVersion = 10.0.40219.1
Project("{2150E333-8FDC-42A3-9474-1A3956D46DE8}") = "chat-server", "chat-server", "{65020569-870B-46A4-9193-948008659230}"
EndProject
Project("{2150E333-8FDC-42A3-9474-1A3956D46DE8}") = "auth-server", "auth-server", "{385E04E2-697D-4CE9-99FE-D01515800F4B}"
EndProject
Project("{2150E333-8FDC-42A3-9474-1A3956D46DE8}") = "core", "core", "{BAA7E3DF-5354-42B3-AAD8-3F0C9E7E0189}"
EndProject
Project("{FAE04EC0-301F-11D3-BF4B-00C04F79EFBC}") = "Chatty.Application", "chat-server\source\Chatty.Application\Chatty.Application.csproj", "{9297DB35-B59C-4227-A159-3F6ED461855F}"
EndProject
Project("{FAE04EC0-301F-11D3-BF4B-00C04F79EFBC}") = "Chatty.Domain", "chat-server\source\Chatty.Domain\Chatty.Domain.csproj", "{2408C4C4-285A-415D-A83F-C8FBBFA87867}"
EndProject
Project("{FAE04EC0-301F-11D3-BF4B-00C04F79EFBC}") = "Chatty.Infrastructure", "chat-server\source\Chatty.Infrastructure\Chatty.Infrastructure.csproj", "{87A32D0B-F568-4582-8457-D503DD5F7278}"
EndProject
Project("{FAE04EC0-301F-11D3-BF4B-00C04F79EFBC}") = "Chatty.WebApi", "chat-server\source\Chatty.WebApi\Chatty.WebApi.csproj", "{08183AB8-757E-4434-8D23-02132F9AB8CF}"
EndProject
Project("{FAE04EC0-301F-11D3-BF4B-00C04F79EFBC}") = "Chatty.Contracts", "chat-server\source\Chatty.Contracts\Chatty.Contracts.csproj", "{E317EED0-79B0-470D-A3B1-16CA335BA585}"
EndProject
Project("{2150E333-8FDC-42A3-9474-1A3956D46DE8}") = "tests", "tests", "{8A81F1E5-8D34-4D4A-88FA-BBF385E6BAE4}"
EndProject
Project("{FAE04EC0-301F-11D3-BF4B-00C04F79EFBC}") = "Chatty.Tests.Unit.Domain", "chat-server\tests\Chatty.Tests.Unit.Domain\Chatty.Tests.Unit.Domain.csproj", "{3E52169C-8C04-4317-85E3-C329AB31AFA8}"
EndProject
Project("{FAE04EC0-301F-11D3-BF4B-00C04F79EFBC}") = "Chatty.Core.Domain", "core\source\Chatty.Core.Domain\Chatty.Core.Domain.csproj", "{58D10051-6DF0-445A-B317-D24FD3BD7294}"
EndProject
Project("{FAE04EC0-301F-11D3-BF4B-00C04F79EFBC}") = "Chatty.Core.Application", "core\source\Chatty.Core.Application\Chatty.Core.Application.csproj", "{C5716AE4-0D8F-44B9-A6A3-DCEB556FC582}"
EndProject
Project("{FAE04EC0-301F-11D3-BF4B-00C04F79EFBC}") = "Chatty.Core.Infrastructure", "core\source\Chatty.Core.Infrastructure\Chatty.Core.Infrastructure.csproj", "{7F6A7B28-1DA7-4107-99EF-2FD41D81AC02}"
EndProject
Project("{FAE04EC0-301F-11D3-BF4B-00C04F79EFBC}") = "Chatty.Core.Contracts", "core\source\Chatty.Core.Contracts\Chatty.Core.Contracts.csproj", "{D3CD930E-3100-4B0A-9908-7F7C68E6A39D}"
EndProject
Project("{FAE04EC0-301F-11D3-BF4B-00C04F79EFBC}") = "Chatty.Core.Api", "core\source\Chatty.Core.Api\Chatty.Core.Api.csproj", "{13C6F374-FFF6-4899-B7F8-72FBB71DEB9C}"
EndProject
Project("{2150E333-8FDC-42A3-9474-1A3956D46DE8}") = "tests", "tests", "{D267D1C0-FF63-4DDC-9E42-3BCBF5158630}"
EndProject
Project("{FAE04EC0-301F-11D3-BF4B-00C04F79EFBC}") = "Chatty.Core.Application.Tests.Unit", "core\tests\Chatty.Core.Application.Tests.Unit\Chatty.Core.Application.Tests.Unit.csproj", "{0AC3A9C8-2312-45B4-9A0E-BD88B1AB5D0E}"
EndProject
Project("{FAE04EC0-301F-11D3-BF4B-00C04F79EFBC}") = "Chatty.Core.Domain.Tests.Unit", "core\tests\Chatty.Core.Domain.Tests.Unit\Chatty.Core.Domain.Tests.Unit.csproj", "{99486A98-F60B-41C5-BADA-BFBE0F480166}"
EndProject
Project("{FAE04EC0-301F-11D3-BF4B-00C04F79EFBC}") = "Chatty.Core.Infrastructure.Tests.Unit", "core\tests\Chatty.Core.Infrastructure.Tests.Unit\Chatty.Core.Infrastructure.Tests.Unit.csproj", "{703FDE6F-2ACF-4D57-BCDF-4014CC9E125E}"
EndProject
Project("{FAE04EC0-301F-11D3-BF4B-00C04F79EFBC}") = "Chatty.Authentication.Api", "auth-server\source\Chatty.Authentication.Api\Chatty.Authentication.Api.csproj", "{FC84E008-0318-49B1-B50E-18DC875D336F}"
EndProject
Project("{2150E333-8FDC-42A3-9474-1A3956D46DE8}") = "aspire-host", "aspire-host", "{F8DDFA0F-01B0-4D87-8C75-334FB70D0F09}"
EndProject
Project("{FAE04EC0-301F-11D3-BF4B-00C04F79EFBC}") = "Chatty.AppHost", "aspire\Chatty.AppHost\Chatty.AppHost.csproj", "{587B0921-B418-4DF8-B94D-5663385D39E0}"
EndProject
Project("{FAE04EC0-301F-11D3-BF4B-00C04F79EFBC}") = "Chatty.ServiceDefaults", "aspire\Chatty.ServiceDefaults\Chatty.ServiceDefaults.csproj", "{85E603D1-6959-43D6-B6F1-1E1050FCC800}"
EndProject
Project("{2150E333-8FDC-42A3-9474-1A3956D46DE8}") = "tests", "tests", "{76BE6A47-2576-42E5-85F6-A6F2C99BE50A}"
EndProject
Project("{FAE04EC0-301F-11D3-BF4B-00C04F79EFBC}") = "Chatty.Auth.Api.Tests.Integration", "auth-server\tests\Chatty.Auth.Api.Tests.Integration\Chatty.Auth.Api.Tests.Integration.csproj", "{A78F193D-0F3A-4F1E-8CA1-3FA072763CAA}"
EndProject
Project("{2150E333-8FDC-42A3-9474-1A3956D46DE8}") = "global", "global", "{B89658B7-3406-492C-9ABA-E6C783A4D5FB}"
	ProjectSection(SolutionItems) = preProject
		Directory.Packages.props = Directory.Packages.props
	EndProjectSection
EndProject
Global
	GlobalSection(SolutionConfigurationPlatforms) = preSolution
		Debug|Any CPU = Debug|Any CPU
		Release|Any CPU = Release|Any CPU
	EndGlobalSection
	GlobalSection(SolutionProperties) = preSolution
		HideSolutionNode = FALSE
	EndGlobalSection
	GlobalSection(NestedProjects) = preSolution
		{9297DB35-B59C-4227-A159-3F6ED461855F} = {65020569-870B-46A4-9193-948008659230}
		{2408C4C4-285A-415D-A83F-C8FBBFA87867} = {65020569-870B-46A4-9193-948008659230}
		{87A32D0B-F568-4582-8457-D503DD5F7278} = {65020569-870B-46A4-9193-948008659230}
		{08183AB8-757E-4434-8D23-02132F9AB8CF} = {65020569-870B-46A4-9193-948008659230}
		{E317EED0-79B0-470D-A3B1-16CA335BA585} = {65020569-870B-46A4-9193-948008659230}
		{8A81F1E5-8D34-4D4A-88FA-BBF385E6BAE4} = {65020569-870B-46A4-9193-948008659230}
		{3E52169C-8C04-4317-85E3-C329AB31AFA8} = {8A81F1E5-8D34-4D4A-88FA-BBF385E6BAE4}
		{58D10051-6DF0-445A-B317-D24FD3BD7294} = {BAA7E3DF-5354-42B3-AAD8-3F0C9E7E0189}
		{C5716AE4-0D8F-44B9-A6A3-DCEB556FC582} = {BAA7E3DF-5354-42B3-AAD8-3F0C9E7E0189}
		{7F6A7B28-1DA7-4107-99EF-2FD41D81AC02} = {BAA7E3DF-5354-42B3-AAD8-3F0C9E7E0189}
		{D3CD930E-3100-4B0A-9908-7F7C68E6A39D} = {BAA7E3DF-5354-42B3-AAD8-3F0C9E7E0189}
		{13C6F374-FFF6-4899-B7F8-72FBB71DEB9C} = {BAA7E3DF-5354-42B3-AAD8-3F0C9E7E0189}
		{D267D1C0-FF63-4DDC-9E42-3BCBF5158630} = {BAA7E3DF-5354-42B3-AAD8-3F0C9E7E0189}
		{0AC3A9C8-2312-45B4-9A0E-BD88B1AB5D0E} = {D267D1C0-FF63-4DDC-9E42-3BCBF5158630}
		{99486A98-F60B-41C5-BADA-BFBE0F480166} = {D267D1C0-FF63-4DDC-9E42-3BCBF5158630}
		{703FDE6F-2ACF-4D57-BCDF-4014CC9E125E} = {D267D1C0-FF63-4DDC-9E42-3BCBF5158630}
		{FC84E008-0318-49B1-B50E-18DC875D336F} = {385E04E2-697D-4CE9-99FE-D01515800F4B}
		{587B0921-B418-4DF8-B94D-5663385D39E0} = {F8DDFA0F-01B0-4D87-8C75-334FB70D0F09}
		{85E603D1-6959-43D6-B6F1-1E1050FCC800} = {F8DDFA0F-01B0-4D87-8C75-334FB70D0F09}
		{76BE6A47-2576-42E5-85F6-A6F2C99BE50A} = {385E04E2-697D-4CE9-99FE-D01515800F4B}
		{A78F193D-0F3A-4F1E-8CA1-3FA072763CAA} = {76BE6A47-2576-42E5-85F6-A6F2C99BE50A}
	EndGlobalSection
	GlobalSection(ProjectConfigurationPlatforms) = postSolution
		{9297DB35-B59C-4227-A159-3F6ED461855F}.Debug|Any CPU.ActiveCfg = Debug|Any CPU
		{9297DB35-B59C-4227-A159-3F6ED461855F}.Debug|Any CPU.Build.0 = Debug|Any CPU
		{9297DB35-B59C-4227-A159-3F6ED461855F}.Release|Any CPU.ActiveCfg = Release|Any CPU
		{9297DB35-B59C-4227-A159-3F6ED461855F}.Release|Any CPU.Build.0 = Release|Any CPU
		{2408C4C4-285A-415D-A83F-C8FBBFA87867}.Debug|Any CPU.ActiveCfg = Debug|Any CPU
		{2408C4C4-285A-415D-A83F-C8FBBFA87867}.Debug|Any CPU.Build.0 = Debug|Any CPU
		{2408C4C4-285A-415D-A83F-C8FBBFA87867}.Release|Any CPU.ActiveCfg = Release|Any CPU
		{2408C4C4-285A-415D-A83F-C8FBBFA87867}.Release|Any CPU.Build.0 = Release|Any CPU
		{87A32D0B-F568-4582-8457-D503DD5F7278}.Debug|Any CPU.ActiveCfg = Debug|Any CPU
		{87A32D0B-F568-4582-8457-D503DD5F7278}.Debug|Any CPU.Build.0 = Debug|Any CPU
		{87A32D0B-F568-4582-8457-D503DD5F7278}.Release|Any CPU.ActiveCfg = Release|Any CPU
		{87A32D0B-F568-4582-8457-D503DD5F7278}.Release|Any CPU.Build.0 = Release|Any CPU
		{08183AB8-757E-4434-8D23-02132F9AB8CF}.Debug|Any CPU.ActiveCfg = Debug|Any CPU
		{08183AB8-757E-4434-8D23-02132F9AB8CF}.Debug|Any CPU.Build.0 = Debug|Any CPU
		{08183AB8-757E-4434-8D23-02132F9AB8CF}.Release|Any CPU.ActiveCfg = Release|Any CPU
		{08183AB8-757E-4434-8D23-02132F9AB8CF}.Release|Any CPU.Build.0 = Release|Any CPU
		{E317EED0-79B0-470D-A3B1-16CA335BA585}.Debug|Any CPU.ActiveCfg = Debug|Any CPU
		{E317EED0-79B0-470D-A3B1-16CA335BA585}.Debug|Any CPU.Build.0 = Debug|Any CPU
		{E317EED0-79B0-470D-A3B1-16CA335BA585}.Release|Any CPU.ActiveCfg = Release|Any CPU
		{E317EED0-79B0-470D-A3B1-16CA335BA585}.Release|Any CPU.Build.0 = Release|Any CPU
		{3E52169C-8C04-4317-85E3-C329AB31AFA8}.Debug|Any CPU.ActiveCfg = Debug|Any CPU
		{3E52169C-8C04-4317-85E3-C329AB31AFA8}.Debug|Any CPU.Build.0 = Debug|Any CPU
		{3E52169C-8C04-4317-85E3-C329AB31AFA8}.Release|Any CPU.ActiveCfg = Release|Any CPU
		{3E52169C-8C04-4317-85E3-C329AB31AFA8}.Release|Any CPU.Build.0 = Release|Any CPU
		{58D10051-6DF0-445A-B317-D24FD3BD7294}.Debug|Any CPU.ActiveCfg = Debug|Any CPU
		{58D10051-6DF0-445A-B317-D24FD3BD7294}.Debug|Any CPU.Build.0 = Debug|Any CPU
		{58D10051-6DF0-445A-B317-D24FD3BD7294}.Release|Any CPU.ActiveCfg = Release|Any CPU
		{58D10051-6DF0-445A-B317-D24FD3BD7294}.Release|Any CPU.Build.0 = Release|Any CPU
		{C5716AE4-0D8F-44B9-A6A3-DCEB556FC582}.Debug|Any CPU.ActiveCfg = Debug|Any CPU
		{C5716AE4-0D8F-44B9-A6A3-DCEB556FC582}.Debug|Any CPU.Build.0 = Debug|Any CPU
		{C5716AE4-0D8F-44B9-A6A3-DCEB556FC582}.Release|Any CPU.ActiveCfg = Release|Any CPU
		{C5716AE4-0D8F-44B9-A6A3-DCEB556FC582}.Release|Any CPU.Build.0 = Release|Any CPU
		{7F6A7B28-1DA7-4107-99EF-2FD41D81AC02}.Debug|Any CPU.ActiveCfg = Debug|Any CPU
		{7F6A7B28-1DA7-4107-99EF-2FD41D81AC02}.Debug|Any CPU.Build.0 = Debug|Any CPU
		{7F6A7B28-1DA7-4107-99EF-2FD41D81AC02}.Release|Any CPU.ActiveCfg = Release|Any CPU
		{7F6A7B28-1DA7-4107-99EF-2FD41D81AC02}.Release|Any CPU.Build.0 = Release|Any CPU
		{D3CD930E-3100-4B0A-9908-7F7C68E6A39D}.Debug|Any CPU.ActiveCfg = Debug|Any CPU
		{D3CD930E-3100-4B0A-9908-7F7C68E6A39D}.Debug|Any CPU.Build.0 = Debug|Any CPU
		{D3CD930E-3100-4B0A-9908-7F7C68E6A39D}.Release|Any CPU.ActiveCfg = Release|Any CPU
		{D3CD930E-3100-4B0A-9908-7F7C68E6A39D}.Release|Any CPU.Build.0 = Release|Any CPU
		{13C6F374-FFF6-4899-B7F8-72FBB71DEB9C}.Debug|Any CPU.ActiveCfg = Debug|Any CPU
		{13C6F374-FFF6-4899-B7F8-72FBB71DEB9C}.Debug|Any CPU.Build.0 = Debug|Any CPU
		{13C6F374-FFF6-4899-B7F8-72FBB71DEB9C}.Release|Any CPU.ActiveCfg = Release|Any CPU
		{13C6F374-FFF6-4899-B7F8-72FBB71DEB9C}.Release|Any CPU.Build.0 = Release|Any CPU
		{0AC3A9C8-2312-45B4-9A0E-BD88B1AB5D0E}.Debug|Any CPU.ActiveCfg = Debug|Any CPU
		{0AC3A9C8-2312-45B4-9A0E-BD88B1AB5D0E}.Debug|Any CPU.Build.0 = Debug|Any CPU
		{0AC3A9C8-2312-45B4-9A0E-BD88B1AB5D0E}.Release|Any CPU.ActiveCfg = Release|Any CPU
		{0AC3A9C8-2312-45B4-9A0E-BD88B1AB5D0E}.Release|Any CPU.Build.0 = Release|Any CPU
		{99486A98-F60B-41C5-BADA-BFBE0F480166}.Debug|Any CPU.ActiveCfg = Debug|Any CPU
		{99486A98-F60B-41C5-BADA-BFBE0F480166}.Debug|Any CPU.Build.0 = Debug|Any CPU
		{99486A98-F60B-41C5-BADA-BFBE0F480166}.Release|Any CPU.ActiveCfg = Release|Any CPU
		{99486A98-F60B-41C5-BADA-BFBE0F480166}.Release|Any CPU.Build.0 = Release|Any CPU
		{703FDE6F-2ACF-4D57-BCDF-4014CC9E125E}.Debug|Any CPU.ActiveCfg = Debug|Any CPU
		{703FDE6F-2ACF-4D57-BCDF-4014CC9E125E}.Debug|Any CPU.Build.0 = Debug|Any CPU
		{703FDE6F-2ACF-4D57-BCDF-4014CC9E125E}.Release|Any CPU.ActiveCfg = Release|Any CPU
		{703FDE6F-2ACF-4D57-BCDF-4014CC9E125E}.Release|Any CPU.Build.0 = Release|Any CPU
		{FC84E008-0318-49B1-B50E-18DC875D336F}.Debug|Any CPU.ActiveCfg = Debug|Any CPU
		{FC84E008-0318-49B1-B50E-18DC875D336F}.Debug|Any CPU.Build.0 = Debug|Any CPU
		{FC84E008-0318-49B1-B50E-18DC875D336F}.Release|Any CPU.ActiveCfg = Release|Any CPU
		{FC84E008-0318-49B1-B50E-18DC875D336F}.Release|Any CPU.Build.0 = Release|Any CPU
		{587B0921-B418-4DF8-B94D-5663385D39E0}.Debug|Any CPU.ActiveCfg = Debug|Any CPU
		{587B0921-B418-4DF8-B94D-5663385D39E0}.Debug|Any CPU.Build.0 = Debug|Any CPU
		{587B0921-B418-4DF8-B94D-5663385D39E0}.Release|Any CPU.ActiveCfg = Release|Any CPU
		{587B0921-B418-4DF8-B94D-5663385D39E0}.Release|Any CPU.Build.0 = Release|Any CPU
		{85E603D1-6959-43D6-B6F1-1E1050FCC800}.Debug|Any CPU.ActiveCfg = Debug|Any CPU
		{85E603D1-6959-43D6-B6F1-1E1050FCC800}.Debug|Any CPU.Build.0 = Debug|Any CPU
		{85E603D1-6959-43D6-B6F1-1E1050FCC800}.Release|Any CPU.ActiveCfg = Release|Any CPU
		{85E603D1-6959-43D6-B6F1-1E1050FCC800}.Release|Any CPU.Build.0 = Release|Any CPU
		{A78F193D-0F3A-4F1E-8CA1-3FA072763CAA}.Debug|Any CPU.ActiveCfg = Debug|Any CPU
		{A78F193D-0F3A-4F1E-8CA1-3FA072763CAA}.Debug|Any CPU.Build.0 = Debug|Any CPU
		{A78F193D-0F3A-4F1E-8CA1-3FA072763CAA}.Release|Any CPU.ActiveCfg = Release|Any CPU
		{A78F193D-0F3A-4F1E-8CA1-3FA072763CAA}.Release|Any CPU.Build.0 = Release|Any CPU
	EndGlobalSection
EndGlobal
